
Microsoft Visual Studio Solution File, Format Version 12.00
# Visual Studio Version 16
VisualStudioVersion = 16.0.34407.143
MinimumVisualStudioVersion = 10.0.40219.1
Project("{FAE04EC0-301F-11D3-BF4B-00C04F79EFBC}") = "SalesWebMVC", "SalesWebMVC\SalesWebMVC.csproj", "{AF4E55FB-500F-451F-B35C-D7606656E8DA}"
EndProject
Global
	GlobalSection(SolutionConfigurationPlatforms) = preSolution
		Debug|Any CPU = Debug|Any CPU
		Release|Any CPU = Release|Any CPU
	EndGlobalSection
	GlobalSection(ProjectConfigurationPlatforms) = postSolution
		{AF4E55FB-500F-451F-B35C-D7606656E8DA}.Debug|Any CPU.ActiveCfg = Debug|Any CPU
		{AF4E55FB-500F-451F-B35C-D7606656E8DA}.Debug|Any CPU.Build.0 = Debug|Any CPU
		{AF4E55FB-500F-451F-B35C-D7606656E8DA}.Release|Any CPU.ActiveCfg = Release|Any CPU
		{AF4E55FB-500F-451F-B35C-D7606656E8DA}.Release|Any CPU.Build.0 = Release|Any CPU
	EndGlobalSection
	GlobalSection(SolutionProperties) = preSolution
		HideSolutionNode = FALSE
	EndGlobalSection
	GlobalSection(ExtensibilityGlobals) = postSolution
		SolutionGuid = {0219110C-F1AA-4AF1-8D17-3D017805D27C}
	EndGlobalSection
EndGlobal
